
Microsoft Visual Studio Solution File, Format Version 12.00
# Visual Studio Version 17
VisualStudioVersion = 17.5.33627.172
MinimumVisualStudioVersion = 10.0.40219.1
Project("{FAE04EC0-301F-11D3-BF4B-00C04F79EFBC}") = "zadanie 4", "zadanie 4\zadanie 4.csproj", "{866F86D3-78B6-4BBA-B9D3-962BB1FEEA55}"
EndProject
Global
	GlobalSection(SolutionConfigurationPlatforms) = preSolution
		Debug|Any CPU = Debug|Any CPU
		Release|Any CPU = Release|Any CPU
	EndGlobalSection
	GlobalSection(ProjectConfigurationPlatforms) = postSolution
		{866F86D3-78B6-4BBA-B9D3-962BB1FEEA55}.Debug|Any CPU.ActiveCfg = Debug|Any CPU
		{866F86D3-78B6-4BBA-B9D3-962BB1FEEA55}.Debug|Any CPU.Build.0 = Debug|Any CPU
		{866F86D3-78B6-4BBA-B9D3-962BB1FEEA55}.Release|Any CPU.ActiveCfg = Release|Any CPU
		{866F86D3-78B6-4BBA-B9D3-962BB1FEEA55}.Release|Any CPU.Build.0 = Release|Any CPU
	EndGlobalSection
	GlobalSection(SolutionProperties) = preSolution
		HideSolutionNode = FALSE
	EndGlobalSection
	GlobalSection(ExtensibilityGlobals) = postSolution
		SolutionGuid = {09F39D1E-D086-4AC0-A56C-762106031FF4}
	EndGlobalSection
EndGlobal
